// !$*UTF8*$!
{
	archiveVersion = 1;
	classes = {
	};
	objectVersion = 46;
	objects = {

/* Begin PBXBuildFile section */
		C254E4B51E4F232F00B0104F /* AppDelegate.swift in Sources */ = {isa = PBXBuildFile; fileRef = C254E4B41E4F232F00B0104F /* AppDelegate.swift */; };
		C254E4B71E4F232F00B0104F /* ViewController.swift in Sources */ = {isa = PBXBuildFile; fileRef = C254E4B61E4F232F00B0104F /* ViewController.swift */; };
		C254E4BA1E4F233000B0104F /* Main.storyboard in Resources */ = {isa = PBXBuildFile; fileRef = C254E4B81E4F233000B0104F /* Main.storyboard */; };
		C254E4BD1E4F233000B0104F /* DreamListerNew.xcdatamodeld in Sources */ = {isa = PBXBuildFile; fileRef = C254E4BB1E4F233000B0104F /* DreamListerNew.xcdatamodeld */; };
		C254E4BF1E4F233000B0104F /* Assets.xcassets in Resources */ = {isa = PBXBuildFile; fileRef = C254E4BE1E4F233000B0104F /* Assets.xcassets */; };
		C254E4C21E4F233000B0104F /* LaunchScreen.storyboard in Resources */ = {isa = PBXBuildFile; fileRef = C254E4C01E4F233000B0104F /* LaunchScreen.storyboard */; };
		C254E4CD1E4F233000B0104F /* DreamListerNewTests.swift in Sources */ = {isa = PBXBuildFile; fileRef = C254E4CC1E4F233000B0104F /* DreamListerNewTests.swift */; };
		C254E4D81E4F233000B0104F /* DreamListerNewUITests.swift in Sources */ = {isa = PBXBuildFile; fileRef = C254E4D71E4F233000B0104F /* DreamListerNewUITests.swift */; };
/* End PBXBuildFile section */

/* Begin PBXContainerItemProxy section */
		C254E4C91E4F233000B0104F /* PBXContainerItemProxy */ = {
			isa = PBXContainerItemProxy;
			containerPortal = C254E4A91E4F232F00B0104F /* Project object */;
			proxyType = 1;
			remoteGlobalIDString = C254E4B01E4F232F00B0104F;
			remoteInfo = DreamListerNew;
		};
		C254E4D41E4F233000B0104F /* PBXContainerItemProxy */ = {
			isa = PBXContainerItemProxy;
			containerPortal = C254E4A91E4F232F00B0104F /* Project object */;
			proxyType = 1;
			remoteGlobalIDString = C254E4B01E4F232F00B0104F;
			remoteInfo = DreamListerNew;
		};
/* End PBXContainerItemProxy section */

/* Begin PBXFileReference section */
		C254E4B11E4F232F00B0104F /* DreamListerNew.app */ = {isa = PBXFileReference; explicitFileType = wrapper.application; includeInIndex = 0; path = DreamListerNew.app; sourceTree = BUILT_PRODUCTS_DIR; };
		C254E4B41E4F232F00B0104F /* AppDelegate.swift */ = {isa = PBXFileReference; lastKnownFileType = sourcecode.swift; path = AppDelegate.swift; sourceTree = "<group>"; };
		C254E4B61E4F232F00B0104F /* ViewController.swift */ = {isa = PBXFileReference; lastKnownFileType = sourcecode.swift; path = ViewController.swift; sourceTree = "<group>"; };
		C254E4B91E4F233000B0104F /* Base */ = {isa = PBXFileReference; lastKnownFileType = file.storyboard; name = Base; path = Base.lproj/Main.storyboard; sourceTree = "<group>"; };
		C254E4BC1E4F233000B0104F /* DreamListerNew.xcdatamodel */ = {isa = PBXFileReference; lastKnownFileType = wrapper.xcdatamodel; path = DreamListerNew.xcdatamodel; sourceTree = "<group>"; };
		C254E4BE1E4F233000B0104F /* Assets.xcassets */ = {isa = PBXFileReference; lastKnownFileType = folder.assetcatalog; path = Assets.xcassets; sourceTree = "<group>"; };
		C254E4C11E4F233000B0104F /* Base */ = {isa = PBXFileReference; lastKnownFileType = file.storyboard; name = Base; path = Base.lproj/LaunchScreen.storyboard; sourceTree = "<group>"; };
		C254E4C31E4F233000B0104F /* Info.plist */ = {isa = PBXFileReference; lastKnownFileType = text.plist.xml; path = Info.plist; sourceTree = "<group>"; };
		C254E4C81E4F233000B0104F /* DreamListerNewTests.xctest */ = {isa = PBXFileReference; explicitFileType = wrapper.cfbundle; includeInIndex = 0; path = DreamListerNewTests.xctest; sourceTree = BUILT_PRODUCTS_DIR; };
		C254E4CC1E4F233000B0104F /* DreamListerNewTests.swift */ = {isa = PBXFileReference; lastKnownFileType = sourcecode.swift; path = DreamListerNewTests.swift; sourceTree = "<group>"; };
		C254E4CE1E4F233000B0104F /* Info.plist */ = {isa = PBXFileReference; lastKnownFileType = text.plist.xml; path = Info.plist; sourceTree = "<group>"; };
		C254E4D31E4F233000B0104F /* DreamListerNewUITests.xctest */ = {isa = PBXFileReference; explicitFileType = wrapper.cfbundle; includeInIndex = 0; path = DreamListerNewUITests.xctest; sourceTree = BUILT_PRODUCTS_DIR; };
		C254E4D71E4F233000B0104F /* DreamListerNewUITests.swift */ = {isa = PBXFileReference; lastKnownFileType = sourcecode.swift; path = DreamListerNewUITests.swift; sourceTree = "<group>"; };
		C254E4D91E4F233000B0104F /* Info.plist */ = {isa = PBXFileReference; lastKnownFileType = text.plist.xml; path = Info.plist; sourceTree = "<group>"; };
/* End PBXFileReference section */

/* Begin PBXFrameworksBuildPhase section */
		C254E4AE1E4F232F00B0104F /* Frameworks */ = {
			isa = PBXFrameworksBuildPhase;
			buildActionMask = 2147483647;
			files = (
			);
			runOnlyForDeploymentPostprocessing = 0;
		};
		C254E4C51E4F233000B0104F /* Frameworks */ = {
			isa = PBXFrameworksBuildPhase;
			buildActionMask = 2147483647;
			files = (
			);
			runOnlyForDeploymentPostprocessing = 0;
		};
		C254E4D01E4F233000B0104F /* Frameworks */ = {
			isa = PBXFrameworksBuildPhase;
			buildActionMask = 2147483647;
			files = (
			);
			runOnlyForDeploymentPostprocessing = 0;
		};
/* End PBXFrameworksBuildPhase section */

/* Begin PBXGroup section */
		C254E4A81E4F232F00B0104F = {
			isa = PBXGroup;
			children = (
				C254E4B31E4F232F00B0104F /* DreamListerNew */,
				C254E4CB1E4F233000B0104F /* DreamListerNewTests */,
				C254E4D61E4F233000B0104F /* DreamListerNewUITests */,
				C254E4B21E4F232F00B0104F /* Products */,
			);
			sourceTree = "<group>";
		};
		C254E4B21E4F232F00B0104F /* Products */ = {
			isa = PBXGroup;
			children = (
				C254E4B11E4F232F00B0104F /* DreamListerNew.app */,
				C254E4C81E4F233000B0104F /* DreamListerNewTests.xctest */,
				C254E4D31E4F233000B0104F /* DreamListerNewUITests.xctest */,
			);
			name = Products;
			sourceTree = "<group>";
		};
		C254E4B31E4F232F00B0104F /* DreamListerNew */ = {
			isa = PBXGroup;
			children = (
				C254E4B41E4F232F00B0104F /* AppDelegate.swift */,
				C254E4B61E4F232F00B0104F /* ViewController.swift */,
				C254E4B81E4F233000B0104F /* Main.storyboard */,
				C254E4BE1E4F233000B0104F /* Assets.xcassets */,
				C254E4C01E4F233000B0104F /* LaunchScreen.storyboard */,
				C254E4C31E4F233000B0104F /* Info.plist */,
				C254E4BB1E4F233000B0104F /* DreamListerNew.xcdatamodeld */,
			);
			path = DreamListerNew;
			sourceTree = "<group>";
		};
		C254E4CB1E4F233000B0104F /* DreamListerNewTests */ = {
			isa = PBXGroup;
			children = (
				C254E4CC1E4F233000B0104F /* DreamListerNewTests.swift */,
				C254E4CE1E4F233000B0104F /* Info.plist */,
			);
			path = DreamListerNewTests;
			sourceTree = "<group>";
		};
		C254E4D61E4F233000B0104F /* DreamListerNewUITests */ = {
			isa = PBXGroup;
			children = (
				C254E4D71E4F233000B0104F /* DreamListerNewUITests.swift */,
				C254E4D91E4F233000B0104F /* Info.plist */,
			);
			path = DreamListerNewUITests;
			sourceTree = "<group>";
		};
/* End PBXGroup section */

/* Begin PBXNativeTarget section */
		C254E4B01E4F232F00B0104F /* DreamListerNew */ = {
			isa = PBXNativeTarget;
			buildConfigurationList = C254E4DC1E4F233000B0104F /* Build configuration list for PBXNativeTarget "DreamListerNew" */;
			buildPhases = (
				C254E4AD1E4F232F00B0104F /* Sources */,
				C254E4AE1E4F232F00B0104F /* Frameworks */,
				C254E4AF1E4F232F00B0104F /* Resources */,
			);
			buildRules = (
			);
			dependencies = (
			);
			name = DreamListerNew;
			productName = DreamListerNew;
			productReference = C254E4B11E4F232F00B0104F /* DreamListerNew.app */;
			productType = "com.apple.product-type.application";
		};
		C254E4C71E4F233000B0104F /* DreamListerNewTests */ = {
			isa = PBXNativeTarget;
			buildConfigurationList = C254E4DF1E4F233000B0104F /* Build configuration list for PBXNativeTarget "DreamListerNewTests" */;
			buildPhases = (
				C254E4C41E4F233000B0104F /* Sources */,
				C254E4C51E4F233000B0104F /* Frameworks */,
				C254E4C61E4F233000B0104F /* Resources */,
			);
			buildRules = (
			);
			dependencies = (
				C254E4CA1E4F233000B0104F /* PBXTargetDependency */,
			);
			name = DreamListerNewTests;
			productName = DreamListerNewTests;
			productReference = C254E4C81E4F233000B0104F /* DreamListerNewTests.xctest */;
			productType = "com.apple.product-type.bundle.unit-test";
		};
		C254E4D21E4F233000B0104F /* DreamListerNewUITests */ = {
			isa = PBXNativeTarget;
			buildConfigurationList = C254E4E21E4F233000B0104F /* Build configuration list for PBXNativeTarget "DreamListerNewUITests" */;
			buildPhases = (
				C254E4CF1E4F233000B0104F /* Sources */,
				C254E4D01E4F233000B0104F /* Frameworks */,
				C254E4D11E4F233000B0104F /* Resources */,
			);
			buildRules = (
			);
			dependencies = (
				C254E4D51E4F233000B0104F /* PBXTargetDependency */,
			);
			name = DreamListerNewUITests;
			productName = DreamListerNewUITests;
			productReference = C254E4D31E4F233000B0104F /* DreamListerNewUITests.xctest */;
			productType = "com.apple.product-type.bundle.ui-testing";
		};
/* End PBXNativeTarget section */

/* Begin PBXProject section */
		C254E4A91E4F232F00B0104F /* Project object */ = {
			isa = PBXProject;
			attributes = {
				LastSwiftUpdateCheck = 0820;
				LastUpgradeCheck = 0820;
				ORGANIZATIONNAME = Novotek;
				TargetAttributes = {
					C254E4B01E4F232F00B0104F = {
						CreatedOnToolsVersion = 8.2;
						ProvisioningStyle = Automatic;
					};
					C254E4C71E4F233000B0104F = {
						CreatedOnToolsVersion = 8.2;
						ProvisioningStyle = Automatic;
						TestTargetID = C254E4B01E4F232F00B0104F;
					};
					C254E4D21E4F233000B0104F = {
						CreatedOnToolsVersion = 8.2;
						ProvisioningStyle = Automatic;
						TestTargetID = C254E4B01E4F232F00B0104F;
					};
				};
			};
			buildConfigurationList = C254E4AC1E4F232F00B0104F /* Build configuration list for PBXProject "DreamListerNew" */;
			compatibilityVersion = "Xcode 3.2";
			developmentRegion = English;
			hasScannedForEncodings = 0;
			knownRegions = (
				en,
				Base,
			);
			mainGroup = C254E4A81E4F232F00B0104F;
			productRefGroup = C254E4B21E4F232F00B0104F /* Products */;
			projectDirPath = "";
			projectRoot = "";
			targets = (
				C254E4B01E4F232F00B0104F /* DreamListerNew */,
				C254E4C71E4F233000B0104F /* DreamListerNewTests */,
				C254E4D21E4F233000B0104F /* DreamListerNewUITests */,
			);
		};
/* End PBXProject section */

/* Begin PBXResourcesBuildPhase section */
		C254E4AF1E4F232F00B0104F /* Resources */ = {
			isa = PBXResourcesBuildPhase;
			buildActionMask = 2147483647;
			files = (
				C254E4C21E4F233000B0104F /* LaunchScreen.storyboard in Resources */,
				C254E4BF1E4F233000B0104F /* Assets.xcassets in Resources */,
				C254E4BA1E4F233000B0104F /* Main.storyboard in Resources */,
			);
			runOnlyForDeploymentPostprocessing = 0;
		};
		C254E4C61E4F233000B0104F /* Resources */ = {
			isa = PBXResourcesBuildPhase;
			buildActionMask = 2147483647;
			files = (
			);
			runOnlyForDeploymentPostprocessing = 0;
		};
		C254E4D11E4F233000B0104F /* Resources */ = {
			isa = PBXResourcesBuildPhase;
			buildActionMask = 2147483647;
			files = (
			);
			runOnlyForDeploymentPostprocessing = 0;
		};
/* End PBXResourcesBuildPhase section */

/* Begin PBXSourcesBuildPhase section */
		C254E4AD1E4F232F00B0104F /* Sources */ = {
			isa = PBXSourcesBuildPhase;
			buildActionMask = 2147483647;
			files = (
				C254E4B71E4F232F00B0104F /* ViewController.swift in Sources */,
				C254E4B51E4F232F00B0104F /* AppDelegate.swift in Sources */,
				C254E4BD1E4F233000B0104F /* DreamListerNew.xcdatamodeld in Sources */,
			);
			runOnlyForDeploymentPostprocessing = 0;
		};
		C254E4C41E4F233000B0104F /* Sources */ = {
			isa = PBXSourcesBuildPhase;
			buildActionMask = 2147483647;
			files = (
				C254E4CD1E4F233000B0104F /* DreamListerNewTests.swift in Sources */,
			);
			runOnlyForDeploymentPostprocessing = 0;
		};
		C254E4CF1E4F233000B0104F /* Sources */ = {
			isa = PBXSourcesBuildPhase;
			buildActionMask = 2147483647;
			files = (
				C254E4D81E4F233000B0104F /* DreamListerNewUITests.swift in Sources */,
			);
			runOnlyForDeploymentPostprocessing = 0;
		};
/* End PBXSourcesBuildPhase section */

/* Begin PBXTargetDependency section */
		C254E4CA1E4F233000B0104F /* PBXTargetDependency */ = {
			isa = PBXTargetDependency;
			target = C254E4B01E4F232F00B0104F /* DreamListerNew */;
			targetProxy = C254E4C91E4F233000B0104F /* PBXContainerItemProxy */;
		};
		C254E4D51E4F233000B0104F /* PBXTargetDependency */ = {
			isa = PBXTargetDependency;
			target = C254E4B01E4F232F00B0104F /* DreamListerNew */;
			targetProxy = C254E4D41E4F233000B0104F /* PBXContainerItemProxy */;
		};
/* End PBXTargetDependency section */

/* Begin PBXVariantGroup section */
		C254E4B81E4F233000B0104F /* Main.storyboard */ = {
			isa = PBXVariantGroup;
			children = (
				C254E4B91E4F233000B0104F /* Base */,
			);
			name = Main.storyboard;
			sourceTree = "<group>";
		};
		C254E4C01E4F233000B0104F /* LaunchScreen.storyboard */ = {
			isa = PBXVariantGroup;
			children = (
				C254E4C11E4F233000B0104F /* Base */,
			);
			name = LaunchScreen.storyboard;
			sourceTree = "<group>";
		};
/* End PBXVariantGroup section */

/* Begin XCBuildConfiguration section */
		C254E4DA1E4F233000B0104F /* Debug */ = {
			isa = XCBuildConfiguration;
			buildSettings = {
				ALWAYS_SEARCH_USER_PATHS = NO;
				CLANG_ANALYZER_NONNULL = YES;
				CLANG_CXX_LANGUAGE_STANDARD = "gnu++0x";
				CLANG_CXX_LIBRARY = "libc++";
				CLANG_ENABLE_MODULES = YES;
				CLANG_ENABLE_OBJC_ARC = YES;
				CLANG_WARN_BOOL_CONVERSION = YES;
				CLANG_WARN_CONSTANT_CONVERSION = YES;
				CLANG_WARN_DIRECT_OBJC_ISA_USAGE = YES_ERROR;
				CLANG_WARN_DOCUMENTATION_COMMENTS = YES;
				CLANG_WARN_EMPTY_BODY = YES;
				CLANG_WARN_ENUM_CONVERSION = YES;
				CLANG_WARN_INFINITE_RECURSION = YES;
				CLANG_WARN_INT_CONVERSION = YES;
				CLANG_WARN_OBJC_ROOT_CLASS = YES_ERROR;
				CLANG_WARN_SUSPICIOUS_MOVE = YES;
				CLANG_WARN_UNREACHABLE_CODE = YES;
				CLANG_WARN__DUPLICATE_METHOD_MATCH = YES;
				"CODE_SIGN_IDENTITY[sdk=iphoneos*]" = "iPhone Developer";
				COPY_PHASE_STRIP = NO;
				DEBUG_INFORMATION_FORMAT = dwarf;
				ENABLE_STRICT_OBJC_MSGSEND = YES;
				ENABLE_TESTABILITY = YES;
				GCC_C_LANGUAGE_STANDARD = gnu99;
				GCC_DYNAMIC_NO_PIC = NO;
				GCC_NO_COMMON_BLOCKS = YES;
				GCC_OPTIMIZATION_LEVEL = 0;
				GCC_PREPROCESSOR_DEFINITIONS = (
					"DEBUG=1",
					"$(inherited)",
				);
				GCC_WARN_64_TO_32_BIT_CONVERSION = YES;
				GCC_WARN_ABOUT_RETURN_TYPE = YES_ERROR;
				GCC_WARN_UNDECLARED_SELECTOR = YES;
				GCC_WARN_UNINITIALIZED_AUTOS = YES_AGGRESSIVE;
				GCC_WARN_UNUSED_FUNCTION = YES;
				GCC_WARN_UNUSED_VARIABLE = YES;
				IPHONEOS_DEPLOYMENT_TARGET = 10.2;
				MTL_ENABLE_DEBUG_INFO = YES;
				ONLY_ACTIVE_ARCH = YES;
				SDKROOT = iphoneos;
				SWIFT_ACTIVE_COMPILATION_CONDITIONS = DEBUG;
				SWIFT_OPTIMIZATION_LEVEL = "-Onone";
				TARGETED_DEVICE_FAMILY = "1,2";
			};
			name = Debug;
		};
		C254E4DB1E4F233000B0104F /* Release */ = {
			isa = XCBuildConfiguration;
			buildSettings = {
				ALWAYS_SEARCH_USER_PATHS = NO;
				CLANG_ANALYZER_NONNULL = YES;
				CLANG_CXX_LANGUAGE_STANDARD = "gnu++0x";
				CLANG_CXX_LIBRARY = "libc++";
				CLANG_ENABLE_MODULES = YES;
				CLANG_ENABLE_OBJC_ARC = YES;
				CLANG_WARN_BOOL_CONVERSION = YES;
				CLANG_WARN_CONSTANT_CONVERSION = YES;
				CLANG_WARN_DIRECT_OBJC_ISA_USAGE = YES_ERROR;
				CLANG_WARN_DOCUMENTATION_COMMENTS = YES;
				CLANG_WARN_EMPTY_BODY = YES;
				CLANG_WARN_ENUM_CONVERSION = YES;
				CLANG_WARN_INFINITE_RECURSION = YES;
				CLANG_WARN_INT_CONVERSION = YES;
				CLANG_WARN_OBJC_ROOT_CLASS = YES_ERROR;
				CLANG_WARN_SUSPICIOUS_MOVE = YES;
				CLANG_WARN_UNREACHABLE_CODE = YES;
				CLANG_WARN__DUPLICATE_METHOD_MATCH = YES;
				"CODE_SIGN_IDENTITY[sdk=iphoneos*]" = "iPhone Developer";
				COPY_PHASE_STRIP = NO;
				DEBUG_INFORMATION_FORMAT = "dwarf-with-dsym";
				ENABLE_NS_ASSERTIONS = NO;
				ENABLE_STRICT_OBJC_MSGSEND = YES;
				GCC_C_LANGUAGE_STANDARD = gnu99;
				GCC_NO_COMMON_BLOCKS = YES;
				GCC_WARN_64_TO_32_BIT_CONVERSION = YES;
				GCC_WARN_ABOUT_RETURN_TYPE = YES_ERROR;
				GCC_WARN_UNDECLARED_SELECTOR = YES;
				GCC_WARN_UNINITIALIZED_AUTOS = YES_AGGRESSIVE;
				GCC_WARN_UNUSED_FUNCTION = YES;
				GCC_WARN_UNUSED_VARIABLE = YES;
				IPHONEOS_DEPLOYMENT_TARGET = 10.2;
				MTL_ENABLE_DEBUG_INFO = NO;
				SDKROOT = iphoneos;
				SWIFT_OPTIMIZATION_LEVEL = "-Owholemodule";
				TARGETED_DEVICE_FAMILY = "1,2";
				VALIDATE_PRODUCT = YES;
			};
			name = Release;
		};
		C254E4DD1E4F233000B0104F /* Debug */ = {
			isa = XCBuildConfiguration;
			buildSettings = {
				ASSETCATALOG_COMPILER_APPICON_NAME = AppIcon;
				INFOPLIST_FILE = DreamListerNew/Info.plist;
				LD_RUNPATH_SEARCH_PATHS = "$(inherited) @executable_path/Frameworks";
				PRODUCT_BUNDLE_IDENTIFIER = com.novotek.DreamListerNew;
				PRODUCT_NAME = "$(TARGET_NAME)";
				SWIFT_VERSION = 3.0;
			};
			name = Debug;
		};
		C254E4DE1E4F233000B0104F /* Release */ = {
			isa = XCBuildConfiguration;
			buildSettings = {
				ASSETCATALOG_COMPILER_APPICON_NAME = AppIcon;
				INFOPLIST_FILE = DreamListerNew/Info.plist;
				LD_RUNPATH_SEARCH_PATHS = "$(inherited) @executable_path/Frameworks";
				PRODUCT_BUNDLE_IDENTIFIER = com.novotek.DreamListerNew;
				PRODUCT_NAME = "$(TARGET_NAME)";
				SWIFT_VERSION = 3.0;
			};
			name = Release;
		};
		C254E4E01E4F233000B0104F /* Debug */ = {
			isa = XCBuildConfiguration;
			buildSettings = {
				ALWAYS_EMBED_SWIFT_STANDARD_LIBRARIES = YES;
				BUNDLE_LOADER = "$(TEST_HOST)";
				INFOPLIST_FILE = DreamListerNewTests/Info.plist;
				LD_RUNPATH_SEARCH_PATHS = "$(inherited) @executable_path/Frameworks @loader_path/Frameworks";
				PRODUCT_BUNDLE_IDENTIFIER = com.novotek.DreamListerNewTests;
				PRODUCT_NAME = "$(TARGET_NAME)";
				SWIFT_VERSION = 3.0;
				TEST_HOST = "$(BUILT_PRODUCTS_DIR)/DreamListerNew.app/DreamListerNew";
			};
			name = Debug;
		};
		C254E4E11E4F233000B0104F /* Release */ = {
			isa = XCBuildConfiguration;
			buildSettings = {
				ALWAYS_EMBED_SWIFT_STANDARD_LIBRARIES = YES;
				BUNDLE_LOADER = "$(TEST_HOST)";
				INFOPLIST_FILE = DreamListerNewTests/Info.plist;
				LD_RUNPATH_SEARCH_PATHS = "$(inherited) @executable_path/Frameworks @loader_path/Frameworks";
				PRODUCT_BUNDLE_IDENTIFIER = com.novotek.DreamListerNewTests;
				PRODUCT_NAME = "$(TARGET_NAME)";
				SWIFT_VERSION = 3.0;
				TEST_HOST = "$(BUILT_PRODUCTS_DIR)/DreamListerNew.app/DreamListerNew";
			};
			name = Release;
		};
		C254E4E31E4F233000B0104F /* Debug */ = {
			isa = XCBuildConfiguration;
			buildSettings = {
				ALWAYS_EMBED_SWIFT_STANDARD_LIBRARIES = YES;
				INFOPLIST_FILE = DreamListerNewUITests/Info.plist;
				LD_RUNPATH_SEARCH_PATHS = "$(inherited) @executable_path/Frameworks @loader_path/Frameworks";
				PRODUCT_BUNDLE_IDENTIFIER = com.novotek.DreamListerNewUITests;
				PRODUCT_NAME = "$(TARGET_NAME)";
				SWIFT_VERSION = 3.0;
				TEST_TARGET_NAME = DreamListerNew;
			};
			name = Debug;
		};
		C254E4E41E4F233000B0104F /* Release */ = {
			isa = XCBuildConfiguration;
			buildSettings = {
				ALWAYS_EMBED_SWIFT_STANDARD_LIBRARIES = YES;
				INFOPLIST_FILE = DreamListerNewUITests/Info.plist;
				LD_RUNPATH_SEARCH_PATHS = "$(inherited) @executable_path/Frameworks @loader_path/Frameworks";
				PRODUCT_BUNDLE_IDENTIFIER = com.novotek.DreamListerNewUITests;
				PRODUCT_NAME = "$(TARGET_NAME)";
				SWIFT_VERSION = 3.0;
				TEST_TARGET_NAME = DreamListerNew;
			};
			name = Release;
		};
/* End XCBuildConfiguration section */

/* Begin XCConfigurationList section */
		C254E4AC1E4F232F00B0104F /* Build configuration list for PBXProject "DreamListerNew" */ = {
			isa = XCConfigurationList;
			buildConfigurations = (
				C254E4DA1E4F233000B0104F /* Debug */,
				C254E4DB1E4F233000B0104F /* Release */,
			);
			defaultConfigurationIsVisible = 0;
			defaultConfigurationName = Release;
		};
		C254E4DC1E4F233000B0104F /* Build configuration list for PBXNativeTarget "DreamListerNew" */ = {
			isa = XCConfigurationList;
			buildConfigurations = (
				C254E4DD1E4F233000B0104F /* Debug */,
				C254E4DE1E4F233000B0104F /* Release */,
			);
			defaultConfigurationIsVisible = 0;
		};
		C254E4DF1E4F233000B0104F /* Build configuration list for PBXNativeTarget "DreamListerNewTests" */ = {
			isa = XCConfigurationList;
			buildConfigurations = (
				C254E4E01E4F233000B0104F /* Debug */,
				C254E4E11E4F233000B0104F /* Release */,
			);
			defaultConfigurationIsVisible = 0;
		};
		C254E4E21E4F233000B0104F /* Build configuration list for PBXNativeTarget "DreamListerNewUITests" */ = {
			isa = XCConfigurationList;
			buildConfigurations = (
				C254E4E31E4F233000B0104F /* Debug */,
				C254E4E41E4F233000B0104F /* Release */,
			);
			defaultConfigurationIsVisible = 0;
		};
/* End XCConfigurationList section */

/* Begin XCVersionGroup section */
		C254E4BB1E4F233000B0104F /* DreamListerNew.xcdatamodeld */ = {
			isa = XCVersionGroup;
			children = (
				C254E4BC1E4F233000B0104F /* DreamListerNew.xcdatamodel */,
			);
			currentVersion = C254E4BC1E4F233000B0104F /* DreamListerNew.xcdatamodel */;
			path = DreamListerNew.xcdatamodeld;
			sourceTree = "<group>";
			versionGroupType = wrapper.xcdatamodel;
		};
/* End XCVersionGroup section */
	};
	rootObject = C254E4A91E4F232F00B0104F /* Project object */;
}
